
Microsoft Visual Studio Solution File, Format Version 12.00
# Visual Studio 15
VisualStudioVersion = 15.0.28307.329
MinimumVisualStudioVersion = 10.0.40219.1
Project("{FAE04EC0-301F-11D3-BF4B-00C04F79EFBC}") = "Clash.API", "Clash.API\Clash.API.csproj", "{24DD478B-199A-43D7-AD45-DF78B36870E2}"
EndProject
Project("{2150E333-8FDC-42A3-9474-1A3956D46DE8}") = "API", "API", "{20089E02-018D-44DC-BA83-B2DCDDD380D8}"
EndProject
Project("{2150E333-8FDC-42A3-9474-1A3956D46DE8}") = "Authentication", "Authentication", "{0AA55B43-C4FE-4E79-A020-720791A558CD}"
EndProject
Project("{2150E333-8FDC-42A3-9474-1A3956D46DE8}") = "Interfaces", "Interfaces", "{8BA612B8-F8BA-4AAD-801B-CBAE2868133F}"
EndProject
Project("{2150E333-8FDC-42A3-9474-1A3956D46DE8}") = "Ioc", "Ioc", "{062AB76C-57B1-4C7B-BCB9-275F7389D48A}"
EndProject
Project("{2150E333-8FDC-42A3-9474-1A3956D46DE8}") = "Services", "Services", "{7D74F4C5-C60E-4A0F-9CFE-EA9945766AC4}"
EndProject
Project("{2150E333-8FDC-42A3-9474-1A3956D46DE8}") = "Common", "Common", "{B48AE3C5-F237-45B6-96FD-A8479203ECEC}"
EndProject
Project("{2150E333-8FDC-42A3-9474-1A3956D46DE8}") = "DataBase", "DataBase", "{7AE51C48-D25F-4825-92CB-AA4998C70560}"
EndProject
Project("{2150E333-8FDC-42A3-9474-1A3956D46DE8}") = "Domain", "Domain", "{46E9CA1D-EAE9-49A7-A885-ACE5C2EBA5F8}"
EndProject
Project("{2150E333-8FDC-42A3-9474-1A3956D46DE8}") = "ValueObjectEntity", "ValueObjectEntity", "{F39DC122-003C-449A-80C1-276A9C8E2E9D}"
EndProject
Project("{FAE04EC0-301F-11D3-BF4B-00C04F79EFBC}") = "Clash.Authentication", "Clash.Authentication\Clash.Authentication.csproj", "{F6F8AF41-352E-48B3-8196-B3EE4EA208C2}"
EndProject
Project("{FAE04EC0-301F-11D3-BF4B-00C04F79EFBC}") = "Clash.Common", "Clash.Common\Clash.Common.csproj", "{15CADF1F-9276-4E48-B699-E5EF9B9890D6}"
EndProject
Project("{FAE04EC0-301F-11D3-BF4B-00C04F79EFBC}") = "Clash.DataBase", "Clash.DataBase\Clash.DataBase.csproj", "{52D168F8-48B3-476E-9C2E-523546E7ECAC}"
EndProject
Project("{FAE04EC0-301F-11D3-BF4B-00C04F79EFBC}") = "Clash.Domain", "Clash.Domain\Clash.Domain.csproj", "{4FD752C7-5CEE-4C41-BDF7-E9C8C873D18D}"
EndProject
Project("{FAE04EC0-301F-11D3-BF4B-00C04F79EFBC}") = "Clash.Interfaces", "Clash.Interfaces\Clash.Interfaces.csproj", "{28DAEC03-FD3D-429E-B5C5-6D9C72478D68}"
EndProject
Project("{FAE04EC0-301F-11D3-BF4B-00C04F79EFBC}") = "Clash.IoC", "Clash.IoC\Clash.IoC.csproj", "{741DFBB0-D1AA-432F-9597-2F65625DD24E}"
EndProject
Project("{FAE04EC0-301F-11D3-BF4B-00C04F79EFBC}") = "Clash.Services", "Clash.Services\Clash.Services.csproj", "{AB6DA184-660A-471E-A306-3BC7C485BEE1}"
EndProject
Project("{FAE04EC0-301F-11D3-BF4B-00C04F79EFBC}") = "Clash.ValueObjectEntity", "Clash.ValueObjectEntity\Clash.ValueObjectEntity.csproj", "{D04561CE-F9FF-4A16-80DC-248F29ACBDAE}"
EndProject
Global
	GlobalSection(SolutionConfigurationPlatforms) = preSolution
		Debug|Any CPU = Debug|Any CPU
		Release|Any CPU = Release|Any CPU
	EndGlobalSection
	GlobalSection(ProjectConfigurationPlatforms) = postSolution
		{24DD478B-199A-43D7-AD45-DF78B36870E2}.Debug|Any CPU.ActiveCfg = Debug|Any CPU
		{24DD478B-199A-43D7-AD45-DF78B36870E2}.Debug|Any CPU.Build.0 = Debug|Any CPU
		{24DD478B-199A-43D7-AD45-DF78B36870E2}.Release|Any CPU.ActiveCfg = Release|Any CPU
		{24DD478B-199A-43D7-AD45-DF78B36870E2}.Release|Any CPU.Build.0 = Release|Any CPU
		{F6F8AF41-352E-48B3-8196-B3EE4EA208C2}.Debug|Any CPU.ActiveCfg = Debug|Any CPU
		{F6F8AF41-352E-48B3-8196-B3EE4EA208C2}.Debug|Any CPU.Build.0 = Debug|Any CPU
		{F6F8AF41-352E-48B3-8196-B3EE4EA208C2}.Release|Any CPU.ActiveCfg = Release|Any CPU
		{F6F8AF41-352E-48B3-8196-B3EE4EA208C2}.Release|Any CPU.Build.0 = Release|Any CPU
		{15CADF1F-9276-4E48-B699-E5EF9B9890D6}.Debug|Any CPU.ActiveCfg = Debug|Any CPU
		{15CADF1F-9276-4E48-B699-E5EF9B9890D6}.Debug|Any CPU.Build.0 = Debug|Any CPU
		{15CADF1F-9276-4E48-B699-E5EF9B9890D6}.Release|Any CPU.ActiveCfg = Release|Any CPU
		{15CADF1F-9276-4E48-B699-E5EF9B9890D6}.Release|Any CPU.Build.0 = Release|Any CPU
		{52D168F8-48B3-476E-9C2E-523546E7ECAC}.Debug|Any CPU.ActiveCfg = Debug|Any CPU
		{52D168F8-48B3-476E-9C2E-523546E7ECAC}.Debug|Any CPU.Build.0 = Debug|Any CPU
		{52D168F8-48B3-476E-9C2E-523546E7ECAC}.Release|Any CPU.ActiveCfg = Release|Any CPU
		{52D168F8-48B3-476E-9C2E-523546E7ECAC}.Release|Any CPU.Build.0 = Release|Any CPU
		{4FD752C7-5CEE-4C41-BDF7-E9C8C873D18D}.Debug|Any CPU.ActiveCfg = Debug|Any CPU
		{4FD752C7-5CEE-4C41-BDF7-E9C8C873D18D}.Debug|Any CPU.Build.0 = Debug|Any CPU
		{4FD752C7-5CEE-4C41-BDF7-E9C8C873D18D}.Release|Any CPU.ActiveCfg = Release|Any CPU
		{4FD752C7-5CEE-4C41-BDF7-E9C8C873D18D}.Release|Any CPU.Build.0 = Release|Any CPU
		{28DAEC03-FD3D-429E-B5C5-6D9C72478D68}.Debug|Any CPU.ActiveCfg = Debug|Any CPU
		{28DAEC03-FD3D-429E-B5C5-6D9C72478D68}.Debug|Any CPU.Build.0 = Debug|Any CPU
		{28DAEC03-FD3D-429E-B5C5-6D9C72478D68}.Release|Any CPU.ActiveCfg = Release|Any CPU
		{28DAEC03-FD3D-429E-B5C5-6D9C72478D68}.Release|Any CPU.Build.0 = Release|Any CPU
		{741DFBB0-D1AA-432F-9597-2F65625DD24E}.Debug|Any CPU.ActiveCfg = Debug|Any CPU
		{741DFBB0-D1AA-432F-9597-2F65625DD24E}.Debug|Any CPU.Build.0 = Debug|Any CPU
		{741DFBB0-D1AA-432F-9597-2F65625DD24E}.Release|Any CPU.ActiveCfg = Release|Any CPU
		{741DFBB0-D1AA-432F-9597-2F65625DD24E}.Release|Any CPU.Build.0 = Release|Any CPU
		{AB6DA184-660A-471E-A306-3BC7C485BEE1}.Debug|Any CPU.ActiveCfg = Debug|Any CPU
		{AB6DA184-660A-471E-A306-3BC7C485BEE1}.Debug|Any CPU.Build.0 = Debug|Any CPU
		{AB6DA184-660A-471E-A306-3BC7C485BEE1}.Release|Any CPU.ActiveCfg = Release|Any CPU
		{AB6DA184-660A-471E-A306-3BC7C485BEE1}.Release|Any CPU.Build.0 = Release|Any CPU
		{D04561CE-F9FF-4A16-80DC-248F29ACBDAE}.Debug|Any CPU.ActiveCfg = Debug|Any CPU
		{D04561CE-F9FF-4A16-80DC-248F29ACBDAE}.Debug|Any CPU.Build.0 = Debug|Any CPU
		{D04561CE-F9FF-4A16-80DC-248F29ACBDAE}.Release|Any CPU.ActiveCfg = Release|Any CPU
		{D04561CE-F9FF-4A16-80DC-248F29ACBDAE}.Release|Any CPU.Build.0 = Release|Any CPU
	EndGlobalSection
	GlobalSection(SolutionProperties) = preSolution
		HideSolutionNode = FALSE
	EndGlobalSection
	GlobalSection(NestedProjects) = preSolution
		{24DD478B-199A-43D7-AD45-DF78B36870E2} = {20089E02-018D-44DC-BA83-B2DCDDD380D8}
		{F6F8AF41-352E-48B3-8196-B3EE4EA208C2} = {0AA55B43-C4FE-4E79-A020-720791A558CD}
		{15CADF1F-9276-4E48-B699-E5EF9B9890D6} = {B48AE3C5-F237-45B6-96FD-A8479203ECEC}
		{52D168F8-48B3-476E-9C2E-523546E7ECAC} = {7AE51C48-D25F-4825-92CB-AA4998C70560}
		{4FD752C7-5CEE-4C41-BDF7-E9C8C873D18D} = {46E9CA1D-EAE9-49A7-A885-ACE5C2EBA5F8}
		{28DAEC03-FD3D-429E-B5C5-6D9C72478D68} = {8BA612B8-F8BA-4AAD-801B-CBAE2868133F}
		{741DFBB0-D1AA-432F-9597-2F65625DD24E} = {062AB76C-57B1-4C7B-BCB9-275F7389D48A}
		{AB6DA184-660A-471E-A306-3BC7C485BEE1} = {7D74F4C5-C60E-4A0F-9CFE-EA9945766AC4}
		{D04561CE-F9FF-4A16-80DC-248F29ACBDAE} = {F39DC122-003C-449A-80C1-276A9C8E2E9D}
	EndGlobalSection
	GlobalSection(ExtensibilityGlobals) = postSolution
		SolutionGuid = {4D4210FF-F66C-4AF2-B7F1-9D78E7BD0E01}
	EndGlobalSection
EndGlobal
